// !$*UTF8*$!
{
	archiveVersion = 1;
	classes = {
	};
	objectVersion = 46;
	objects = {

/* Begin PBXBuildFile section */
		5B07A7FC1F17F67E0017C095 /* reasoning_core_solver.cpp in Sources */ = {isa = PBXBuildFile; fileRef = 5B07A7FA1F17F67D0017C095 /* reasoning_core_solver.cpp */; };
		5B080B3C1F48F68F00F1318E /* parser_core.cpp in Sources */ = {isa = PBXBuildFile; fileRef = 5B080B3A1F48F68F00F1318E /* parser_core.cpp */; };
		5B080B401F5B8FA600F1318E /* reasoning_debug.cpp in Sources */ = {isa = PBXBuildFile; fileRef = 5B080B3F1F5B8FA600F1318E /* reasoning_debug.cpp */; };
		5B080B421F6AD43200F1318E /* reasoning_readable.cpp in Sources */ = {isa = PBXBuildFile; fileRef = 5B080B411F6AD43200F1318E /* reasoning_readable.cpp */; };
		5B080B441F6C39B800F1318E /* reasoning_trivial.cpp in Sources */ = {isa = PBXBuildFile; fileRef = 5B080B431F6C39B800F1318E /* reasoning_trivial.cpp */; };
		5B080B461F7164F200F1318E /* reasoning_substitution.cpp in Sources */ = {isa = PBXBuildFile; fileRef = 5B080B451F7164F200F1318E /* reasoning_substitution.cpp */; };
		5B080B4A1F79698500F1318E /* reasoning_observable.cpp in Sources */ = {isa = PBXBuildFile; fileRef = 5B080B491F79698500F1318E /* reasoning_observable.cpp */; };
		5B080B5F1F81666200F1318E /* reasoning_core_matcher.cpp in Sources */ = {isa = PBXBuildFile; fileRef = 5B080B5E1F81666200F1318E /* reasoning_core_matcher.cpp */; };
		5B092EBE1EFC966E00002603 /* main.cpp in Sources */ = {isa = PBXBuildFile; fileRef = 5B092EBD1EFC966E00002603 /* main.cpp */; };
		5BD607BB1F9C46E000C0F0C0 /* parser_definition.cpp in Sources */ = {isa = PBXBuildFile; fileRef = 5BD607BA1F9C46E000C0F0C0 /* parser_definition.cpp */; };
		5BD607BD1F9D687B00C0F0C0 /* reasoning_interface.cpp in Sources */ = {isa = PBXBuildFile; fileRef = 5BD607BC1F9D687B00C0F0C0 /* reasoning_interface.cpp */; };
/* End PBXBuildFile section */

/* Begin PBXCopyFilesBuildPhase section */
		5B092EB81EFC966E00002603 /* CopyFiles */ = {
			isa = PBXCopyFilesBuildPhase;
			buildActionMask = 2147483647;
			dstPath = /usr/share/man/man1/;
			dstSubfolderSpec = 0;
			files = (
			);
			runOnlyForDeploymentPostprocessing = 1;
		};
/* End PBXCopyFilesBuildPhase section */

/* Begin PBXFileReference section */
		5B07A7FA1F17F67D0017C095 /* reasoning_core_solver.cpp */ = {isa = PBXFileReference; fileEncoding = 4; lastKnownFileType = sourcecode.cpp.cpp; path = reasoning_core_solver.cpp; sourceTree = "<group>"; };
		5B07A7FB1F17F67E0017C095 /* reasoning_core.hpp */ = {isa = PBXFileReference; fileEncoding = 4; lastKnownFileType = sourcecode.cpp.h; path = reasoning_core.hpp; sourceTree = "<group>"; };
		5B080B3A1F48F68F00F1318E /* parser_core.cpp */ = {isa = PBXFileReference; fileEncoding = 4; lastKnownFileType = sourcecode.cpp.cpp; path = parser_core.cpp; sourceTree = "<group>"; };
		5B080B3B1F48F68F00F1318E /* parser_core.hpp */ = {isa = PBXFileReference; fileEncoding = 4; lastKnownFileType = sourcecode.cpp.h; path = parser_core.hpp; sourceTree = "<group>"; };
		5B080B3F1F5B8FA600F1318E /* reasoning_debug.cpp */ = {isa = PBXFileReference; fileEncoding = 4; lastKnownFileType = sourcecode.cpp.cpp; path = reasoning_debug.cpp; sourceTree = "<group>"; };
		5B080B411F6AD43200F1318E /* reasoning_readable.cpp */ = {isa = PBXFileReference; fileEncoding = 4; lastKnownFileType = sourcecode.cpp.cpp; path = reasoning_readable.cpp; sourceTree = "<group>"; };
		5B080B431F6C39B800F1318E /* reasoning_trivial.cpp */ = {isa = PBXFileReference; fileEncoding = 4; lastKnownFileType = sourcecode.cpp.cpp; path = reasoning_trivial.cpp; sourceTree = "<group>"; };
		5B080B451F7164F200F1318E /* reasoning_substitution.cpp */ = {isa = PBXFileReference; fileEncoding = 4; lastKnownFileType = sourcecode.cpp.cpp; path = reasoning_substitution.cpp; sourceTree = "<group>"; };
		5B080B491F79698500F1318E /* reasoning_observable.cpp */ = {isa = PBXFileReference; fileEncoding = 4; lastKnownFileType = sourcecode.cpp.cpp; path = reasoning_observable.cpp; sourceTree = "<group>"; };
		5B080B5E1F81666200F1318E /* reasoning_core_matcher.cpp */ = {isa = PBXFileReference; fileEncoding = 4; lastKnownFileType = sourcecode.cpp.cpp; path = reasoning_core_matcher.cpp; sourceTree = "<group>"; };
		5B080B641F8FCA1800F1318E /* ttfl.ilang */ = {isa = PBXFileReference; fileEncoding = 4; lastKnownFileType = text; path = ttfl.ilang; sourceTree = "<group>"; };
		5B080B651F95079D00F1318E /* c.ilang */ = {isa = PBXFileReference; fileEncoding = 4; lastKnownFileType = text; path = c.ilang; sourceTree = "<group>"; };
		5B092EBA1EFC966E00002603 /* URM */ = {isa = PBXFileReference; explicitFileType = "compiled.mach-o.executable"; includeInIndex = 0; path = URM; sourceTree = BUILT_PRODUCTS_DIR; };
		5B092EBD1EFC966E00002603 /* main.cpp */ = {isa = PBXFileReference; lastKnownFileType = sourcecode.cpp.cpp; path = main.cpp; sourceTree = "<group>"; };
		5BD607BA1F9C46E000C0F0C0 /* parser_definition.cpp */ = {isa = PBXFileReference; fileEncoding = 4; lastKnownFileType = sourcecode.cpp.cpp; path = parser_definition.cpp; sourceTree = "<group>"; };
		5BD607BC1F9D687B00C0F0C0 /* reasoning_interface.cpp */ = {isa = PBXFileReference; fileEncoding = 4; lastKnownFileType = sourcecode.cpp.cpp; path = reasoning_interface.cpp; sourceTree = "<group>"; };
/* End PBXFileReference section */

/* Begin PBXFrameworksBuildPhase section */
		5B092EB71EFC966E00002603 /* Frameworks */ = {
			isa = PBXFrameworksBuildPhase;
			buildActionMask = 2147483647;
			files = (
			);
			runOnlyForDeploymentPostprocessing = 0;
		};
/* End PBXFrameworksBuildPhase section */

/* Begin PBXGroup section */
		5B092EB11EFC966E00002603 = {
			isa = PBXGroup;
			children = (
				5B092EBC1EFC966E00002603 /* URM */,
				5B092EBB1EFC966E00002603 /* Products */,
			);
			sourceTree = "<group>";
		};
		5B092EBB1EFC966E00002603 /* Products */ = {
			isa = PBXGroup;
			children = (
				5B092EBA1EFC966E00002603 /* URM */,
			);
			name = Products;
			sourceTree = "<group>";
		};
		5B092EBC1EFC966E00002603 /* URM */ = {
			isa = PBXGroup;
			children = (
				5B092EBD1EFC966E00002603 /* main.cpp */,
				5B07A7FB1F17F67E0017C095 /* reasoning_core.hpp */,
				5B07A7FA1F17F67D0017C095 /* reasoning_core_solver.cpp */,
				5B080B5E1F81666200F1318E /* reasoning_core_matcher.cpp */,
				5B080B411F6AD43200F1318E /* reasoning_readable.cpp */,
				5B080B491F79698500F1318E /* reasoning_observable.cpp */,
				5B080B451F7164F200F1318E /* reasoning_substitution.cpp */,
				5B080B431F6C39B800F1318E /* reasoning_trivial.cpp */,
				5B080B3F1F5B8FA600F1318E /* reasoning_debug.cpp */,
				5BD607BC1F9D687B00C0F0C0 /* reasoning_interface.cpp */,
				5B080B3B1F48F68F00F1318E /* parser_core.hpp */,
				5B080B3A1F48F68F00F1318E /* parser_core.cpp */,
				5BD607BA1F9C46E000C0F0C0 /* parser_definition.cpp */,
				5B080B641F8FCA1800F1318E /* ttfl.ilang */,
				5B080B651F95079D00F1318E /* c.ilang */,
			);
			path = URM;
			sourceTree = "<group>";
		};
/* End PBXGroup section */

/* Begin PBXNativeTarget section */
		5B092EB91EFC966E00002603 /* URM */ = {
			isa = PBXNativeTarget;
			buildConfigurationList = 5B092EC11EFC966E00002603 /* Build configuration list for PBXNativeTarget "URM" */;
			buildPhases = (
				5B092EB61EFC966E00002603 /* Sources */,
				5B092EB71EFC966E00002603 /* Frameworks */,
				5B092EB81EFC966E00002603 /* CopyFiles */,
			);
			buildRules = (
			);
			dependencies = (
			);
			name = URM;
			productName = URM;
			productReference = 5B092EBA1EFC966E00002603 /* URM */;
			productType = "com.apple.product-type.tool";
		};
/* End PBXNativeTarget section */

/* Begin PBXProject section */
		5B092EB21EFC966E00002603 /* Project object */ = {
			isa = PBXProject;
			attributes = {
				LastUpgradeCheck = 0720;
				ORGANIZATIONNAME = Parker;
				TargetAttributes = {
					5B092EB91EFC966E00002603 = {
						CreatedOnToolsVersion = 7.2.1;
					};
				};
			};
			buildConfigurationList = 5B092EB51EFC966E00002603 /* Build configuration list for PBXProject "URM" */;
			compatibilityVersion = "Xcode 3.2";
			developmentRegion = English;
			hasScannedForEncodings = 0;
			knownRegions = (
				en,
			);
			mainGroup = 5B092EB11EFC966E00002603;
			productRefGroup = 5B092EBB1EFC966E00002603 /* Products */;
			projectDirPath = "";
			projectRoot = "";
			targets = (
				5B092EB91EFC966E00002603 /* URM */,
			);
		};
/* End PBXProject section */

/* Begin PBXSourcesBuildPhase section */
		5B092EB61EFC966E00002603 /* Sources */ = {
			isa = PBXSourcesBuildPhase;
			buildActionMask = 2147483647;
			files = (
				5BD607BD1F9D687B00C0F0C0 /* reasoning_interface.cpp in Sources */,
				5B092EBE1EFC966E00002603 /* main.cpp in Sources */,
				5B080B4A1F79698500F1318E /* reasoning_observable.cpp in Sources */,
				5BD607BB1F9C46E000C0F0C0 /* parser_definition.cpp in Sources */,
				5B080B3C1F48F68F00F1318E /* parser_core.cpp in Sources */,
				5B080B421F6AD43200F1318E /* reasoning_readable.cpp in Sources */,
				5B07A7FC1F17F67E0017C095 /* reasoning_core_solver.cpp in Sources */,
				5B080B441F6C39B800F1318E /* reasoning_trivial.cpp in Sources */,
				5B080B5F1F81666200F1318E /* reasoning_core_matcher.cpp in Sources */,
				5B080B461F7164F200F1318E /* reasoning_substitution.cpp in Sources */,
				5B080B401F5B8FA600F1318E /* reasoning_debug.cpp in Sources */,
			);
			runOnlyForDeploymentPostprocessing = 0;
		};
/* End PBXSourcesBuildPhase section */

/* Begin XCBuildConfiguration section */
		5B092EBF1EFC966E00002603 /* Debug */ = {
			isa = XCBuildConfiguration;
			buildSettings = {
				ALWAYS_SEARCH_USER_PATHS = NO;
				CLANG_CXX_LANGUAGE_STANDARD = "gnu++0x";
				CLANG_CXX_LIBRARY = "libc++";
				CLANG_ENABLE_MODULES = YES;
				CLANG_ENABLE_OBJC_ARC = YES;
				CLANG_WARN_BOOL_CONVERSION = YES;
				CLANG_WARN_CONSTANT_CONVERSION = YES;
				CLANG_WARN_DIRECT_OBJC_ISA_USAGE = YES_ERROR;
				CLANG_WARN_EMPTY_BODY = YES;
				CLANG_WARN_ENUM_CONVERSION = YES;
				CLANG_WARN_INT_CONVERSION = YES;
				CLANG_WARN_OBJC_ROOT_CLASS = YES_ERROR;
				CLANG_WARN_UNREACHABLE_CODE = YES;
				CLANG_WARN__DUPLICATE_METHOD_MATCH = YES;
				CODE_SIGN_IDENTITY = "-";
				COPY_PHASE_STRIP = NO;
				DEBUG_INFORMATION_FORMAT = dwarf;
				ENABLE_STRICT_OBJC_MSGSEND = YES;
				ENABLE_TESTABILITY = YES;
				GCC_C_LANGUAGE_STANDARD = gnu99;
				GCC_DYNAMIC_NO_PIC = NO;
				GCC_NO_COMMON_BLOCKS = YES;
				GCC_OPTIMIZATION_LEVEL = 0;
				GCC_PREPROCESSOR_DEFINITIONS = (
					"DEBUG=1",
					"$(inherited)",
				);
				GCC_WARN_64_TO_32_BIT_CONVERSION = YES;
				GCC_WARN_ABOUT_RETURN_TYPE = YES_ERROR;
				GCC_WARN_UNDECLARED_SELECTOR = YES;
				GCC_WARN_UNINITIALIZED_AUTOS = YES_AGGRESSIVE;
				GCC_WARN_UNUSED_FUNCTION = YES;
				GCC_WARN_UNUSED_VARIABLE = YES;
				MACOSX_DEPLOYMENT_TARGET = 10.10;
				MTL_ENABLE_DEBUG_INFO = YES;
				ONLY_ACTIVE_ARCH = YES;
				SDKROOT = macosx;
			};
			name = Debug;
		};
		5B092EC01EFC966E00002603 /* Release */ = {
			isa = XCBuildConfiguration;
			buildSettings = {
				ALWAYS_SEARCH_USER_PATHS = NO;
				CLANG_CXX_LANGUAGE_STANDARD = "gnu++0x";
				CLANG_CXX_LIBRARY = "libc++";
				CLANG_ENABLE_MODULES = YES;
				CLANG_ENABLE_OBJC_ARC = YES;
				CLANG_WARN_BOOL_CONVERSION = YES;
				CLANG_WARN_CONSTANT_CONVERSION = YES;
				CLANG_WARN_DIRECT_OBJC_ISA_USAGE = YES_ERROR;
				CLANG_WARN_EMPTY_BODY = YES;
				CLANG_WARN_ENUM_CONVERSION = YES;
				CLANG_WARN_INT_CONVERSION = YES;
				CLANG_WARN_OBJC_ROOT_CLASS = YES_ERROR;
				CLANG_WARN_UNREACHABLE_CODE = YES;
				CLANG_WARN__DUPLICATE_METHOD_MATCH = YES;
				CODE_SIGN_IDENTITY = "-";
				COPY_PHASE_STRIP = NO;
				DEBUG_INFORMATION_FORMAT = "dwarf-with-dsym";
				ENABLE_NS_ASSERTIONS = NO;
				ENABLE_STRICT_OBJC_MSGSEND = YES;
				GCC_C_LANGUAGE_STANDARD = gnu99;
				GCC_NO_COMMON_BLOCKS = YES;
				GCC_WARN_64_TO_32_BIT_CONVERSION = YES;
				GCC_WARN_ABOUT_RETURN_TYPE = YES_ERROR;
				GCC_WARN_UNDECLARED_SELECTOR = YES;
				GCC_WARN_UNINITIALIZED_AUTOS = YES_AGGRESSIVE;
				GCC_WARN_UNUSED_FUNCTION = YES;
				GCC_WARN_UNUSED_VARIABLE = YES;
				MACOSX_DEPLOYMENT_TARGET = 10.10;
				MTL_ENABLE_DEBUG_INFO = NO;
				SDKROOT = macosx;
			};
			name = Release;
		};
		5B092EC21EFC966E00002603 /* Debug */ = {
			isa = XCBuildConfiguration;
			buildSettings = {
				PRODUCT_NAME = "$(TARGET_NAME)";
			};
			name = Debug;
		};
		5B092EC31EFC966E00002603 /* Release */ = {
			isa = XCBuildConfiguration;
			buildSettings = {
				PRODUCT_NAME = "$(TARGET_NAME)";
			};
			name = Release;
		};
/* End XCBuildConfiguration section */

/* Begin XCConfigurationList section */
		5B092EB51EFC966E00002603 /* Build configuration list for PBXProject "URM" */ = {
			isa = XCConfigurationList;
			buildConfigurations = (
				5B092EBF1EFC966E00002603 /* Debug */,
				5B092EC01EFC966E00002603 /* Release */,
			);
			defaultConfigurationIsVisible = 0;
			defaultConfigurationName = Release;
		};
		5B092EC11EFC966E00002603 /* Build configuration list for PBXNativeTarget "URM" */ = {
			isa = XCConfigurationList;
			buildConfigurations = (
				5B092EC21EFC966E00002603 /* Debug */,
				5B092EC31EFC966E00002603 /* Release */,
			);
			defaultConfigurationIsVisible = 0;
			defaultConfigurationName = Release;
		};
/* End XCConfigurationList section */
	};
	rootObject = 5B092EB21EFC966E00002603 /* Project object */;
}
